// !$*UTF8*$!
{
	archiveVersion = 1;
	classes = {
	};
	objectVersion = 50;
	objects = {

/* Begin PBXBuildFile section */
		49E13BEF23609386006510FD /* AppDelegate.swift in Sources */ = {isa = PBXBuildFile; fileRef = 49E13BEE23609386006510FD /* AppDelegate.swift */; };
		49E13BF123609386006510FD /* SceneDelegate.swift in Sources */ = {isa = PBXBuildFile; fileRef = 49E13BF023609386006510FD /* SceneDelegate.swift */; };
		49E13BF323609386006510FD /* ViewController.swift in Sources */ = {isa = PBXBuildFile; fileRef = 49E13BF223609386006510FD /* ViewController.swift */; };
		49E13BF623609386006510FD /* Main.storyboard in Resources */ = {isa = PBXBuildFile; fileRef = 49E13BF423609386006510FD /* Main.storyboard */; };
		49E13BF823609387006510FD /* Assets.xcassets in Resources */ = {isa = PBXBuildFile; fileRef = 49E13BF723609387006510FD /* Assets.xcassets */; };
		49E13BFB23609387006510FD /* LaunchScreen.storyboard in Resources */ = {isa = PBXBuildFile; fileRef = 49E13BF923609387006510FD /* LaunchScreen.storyboard */; };
		49E13C0623609387006510FD /* ContestTests.swift in Sources */ = {isa = PBXBuildFile; fileRef = 49E13C0523609387006510FD /* ContestTests.swift */; };
		49E13C1123609387006510FD /* ContestUITests.swift in Sources */ = {isa = PBXBuildFile; fileRef = 49E13C1023609387006510FD /* ContestUITests.swift */; };
/* End PBXBuildFile section */

/* Begin PBXContainerItemProxy section */
		49E13C0223609387006510FD /* PBXContainerItemProxy */ = {
			isa = PBXContainerItemProxy;
			containerPortal = 49E13BE323609386006510FD /* Project object */;
			proxyType = 1;
			remoteGlobalIDString = 49E13BEA23609386006510FD;
			remoteInfo = Contest;
		};
		49E13C0D23609387006510FD /* PBXContainerItemProxy */ = {
			isa = PBXContainerItemProxy;
			containerPortal = 49E13BE323609386006510FD /* Project object */;
			proxyType = 1;
			remoteGlobalIDString = 49E13BEA23609386006510FD;
			remoteInfo = Contest;
		};
/* End PBXContainerItemProxy section */

/* Begin PBXFileReference section */
		49E13BEB23609386006510FD /* Contest.app */ = {isa = PBXFileReference; explicitFileType = wrapper.application; includeInIndex = 0; path = Contest.app; sourceTree = BUILT_PRODUCTS_DIR; };
		49E13BEE23609386006510FD /* AppDelegate.swift */ = {isa = PBXFileReference; lastKnownFileType = sourcecode.swift; path = AppDelegate.swift; sourceTree = "<group>"; };
		49E13BF023609386006510FD /* SceneDelegate.swift */ = {isa = PBXFileReference; lastKnownFileType = sourcecode.swift; path = SceneDelegate.swift; sourceTree = "<group>"; };
		49E13BF223609386006510FD /* ViewController.swift */ = {isa = PBXFileReference; lastKnownFileType = sourcecode.swift; path = ViewController.swift; sourceTree = "<group>"; };
		49E13BF523609386006510FD /* Base */ = {isa = PBXFileReference; lastKnownFileType = file.storyboard; name = Base; path = Base.lproj/Main.storyboard; sourceTree = "<group>"; };
		49E13BF723609387006510FD /* Assets.xcassets */ = {isa = PBXFileReference; lastKnownFileType = folder.assetcatalog; path = Assets.xcassets; sourceTree = "<group>"; };
		49E13BFA23609387006510FD /* Base */ = {isa = PBXFileReference; lastKnownFileType = file.storyboard; name = Base; path = Base.lproj/LaunchScreen.storyboard; sourceTree = "<group>"; };
		49E13BFC23609387006510FD /* Info.plist */ = {isa = PBXFileReference; lastKnownFileType = text.plist.xml; path = Info.plist; sourceTree = "<group>"; };
		49E13C0123609387006510FD /* ContestTests.xctest */ = {isa = PBXFileReference; explicitFileType = wrapper.cfbundle; includeInIndex = 0; path = ContestTests.xctest; sourceTree = BUILT_PRODUCTS_DIR; };
		49E13C0523609387006510FD /* ContestTests.swift */ = {isa = PBXFileReference; lastKnownFileType = sourcecode.swift; path = ContestTests.swift; sourceTree = "<group>"; };
		49E13C0723609387006510FD /* Info.plist */ = {isa = PBXFileReference; lastKnownFileType = text.plist.xml; path = Info.plist; sourceTree = "<group>"; };
		49E13C0C23609387006510FD /* ContestUITests.xctest */ = {isa = PBXFileReference; explicitFileType = wrapper.cfbundle; includeInIndex = 0; path = ContestUITests.xctest; sourceTree = BUILT_PRODUCTS_DIR; };
		49E13C1023609387006510FD /* ContestUITests.swift */ = {isa = PBXFileReference; lastKnownFileType = sourcecode.swift; path = ContestUITests.swift; sourceTree = "<group>"; };
		49E13C1223609387006510FD /* Info.plist */ = {isa = PBXFileReference; lastKnownFileType = text.plist.xml; path = Info.plist; sourceTree = "<group>"; };
/* End PBXFileReference section */

/* Begin PBXFrameworksBuildPhase section */
		49E13BE823609386006510FD /* Frameworks */ = {
			isa = PBXFrameworksBuildPhase;
			buildActionMask = 2147483647;
			files = (
			);
			runOnlyForDeploymentPostprocessing = 0;
		};
		49E13BFE23609387006510FD /* Frameworks */ = {
			isa = PBXFrameworksBuildPhase;
			buildActionMask = 2147483647;
			files = (
			);
			runOnlyForDeploymentPostprocessing = 0;
		};
		49E13C0923609387006510FD /* Frameworks */ = {
			isa = PBXFrameworksBuildPhase;
			buildActionMask = 2147483647;
			files = (
			);
			runOnlyForDeploymentPostprocessing = 0;
		};
/* End PBXFrameworksBuildPhase section */

/* Begin PBXGroup section */
		49E13BE223609386006510FD = {
			isa = PBXGroup;
			children = (
				49E13BED23609386006510FD /* Contest */,
				49E13C0423609387006510FD /* ContestTests */,
				49E13C0F23609387006510FD /* ContestUITests */,
				49E13BEC23609386006510FD /* Products */,
			);
			sourceTree = "<group>";
		};
		49E13BEC23609386006510FD /* Products */ = {
			isa = PBXGroup;
			children = (
				49E13BEB23609386006510FD /* Contest.app */,
				49E13C0123609387006510FD /* ContestTests.xctest */,
				49E13C0C23609387006510FD /* ContestUITests.xctest */,
			);
			name = Products;
			sourceTree = "<group>";
		};
		49E13BED23609386006510FD /* Contest */ = {
			isa = PBXGroup;
			children = (
				49E13BEE23609386006510FD /* AppDelegate.swift */,
				49E13BF023609386006510FD /* SceneDelegate.swift */,
				49E13BF223609386006510FD /* ViewController.swift */,
				49E13BF423609386006510FD /* Main.storyboard */,
				49E13BF723609387006510FD /* Assets.xcassets */,
				49E13BF923609387006510FD /* LaunchScreen.storyboard */,
				49E13BFC23609387006510FD /* Info.plist */,
			);
			path = Contest;
			sourceTree = "<group>";
		};
		49E13C0423609387006510FD /* ContestTests */ = {
			isa = PBXGroup;
			children = (
				49E13C0523609387006510FD /* ContestTests.swift */,
				49E13C0723609387006510FD /* Info.plist */,
			);
			path = ContestTests;
			sourceTree = "<group>";
		};
		49E13C0F23609387006510FD /* ContestUITests */ = {
			isa = PBXGroup;
			children = (
				49E13C1023609387006510FD /* ContestUITests.swift */,
				49E13C1223609387006510FD /* Info.plist */,
			);
			path = ContestUITests;
			sourceTree = "<group>";
		};
/* End PBXGroup section */

/* Begin PBXNativeTarget section */
		49E13BEA23609386006510FD /* Contest */ = {
			isa = PBXNativeTarget;
			buildConfigurationList = 49E13C1523609387006510FD /* Build configuration list for PBXNativeTarget "Contest" */;
			buildPhases = (
				49E13BE723609386006510FD /* Sources */,
				49E13BE823609386006510FD /* Frameworks */,
				49E13BE923609386006510FD /* Resources */,
			);
			buildRules = (
			);
			dependencies = (
			);
			name = Contest;
			productName = Contest;
			productReference = 49E13BEB23609386006510FD /* Contest.app */;
			productType = "com.apple.product-type.application";
		};
		49E13C0023609387006510FD /* ContestTests */ = {
			isa = PBXNativeTarget;
			buildConfigurationList = 49E13C1823609387006510FD /* Build configuration list for PBXNativeTarget "ContestTests" */;
			buildPhases = (
				49E13BFD23609387006510FD /* Sources */,
				49E13BFE23609387006510FD /* Frameworks */,
				49E13BFF23609387006510FD /* Resources */,
			);
			buildRules = (
			);
			dependencies = (
				49E13C0323609387006510FD /* PBXTargetDependency */,
			);
			name = ContestTests;
			productName = ContestTests;
			productReference = 49E13C0123609387006510FD /* ContestTests.xctest */;
			productType = "com.apple.product-type.bundle.unit-test";
		};
		49E13C0B23609387006510FD /* ContestUITests */ = {
			isa = PBXNativeTarget;
			buildConfigurationList = 49E13C1B23609387006510FD /* Build configuration list for PBXNativeTarget "ContestUITests" */;
			buildPhases = (
				49E13C0823609387006510FD /* Sources */,
				49E13C0923609387006510FD /* Frameworks */,
				49E13C0A23609387006510FD /* Resources */,
			);
			buildRules = (
			);
			dependencies = (
				49E13C0E23609387006510FD /* PBXTargetDependency */,
			);
			name = ContestUITests;
			productName = ContestUITests;
			productReference = 49E13C0C23609387006510FD /* ContestUITests.xctest */;
			productType = "com.apple.product-type.bundle.ui-testing";
		};
/* End PBXNativeTarget section */

/* Begin PBXProject section */
		49E13BE323609386006510FD /* Project object */ = {
			isa = PBXProject;
			attributes = {
				LastSwiftUpdateCheck = 1110;
				LastUpgradeCheck = 1110;
				ORGANIZATIONNAME = "Student User";
				TargetAttributes = {
					49E13BEA23609386006510FD = {
						CreatedOnToolsVersion = 11.1;
					};
					49E13C0023609387006510FD = {
						CreatedOnToolsVersion = 11.1;
						TestTargetID = 49E13BEA23609386006510FD;
					};
					49E13C0B23609387006510FD = {
						CreatedOnToolsVersion = 11.1;
						TestTargetID = 49E13BEA23609386006510FD;
					};
				};
			};
			buildConfigurationList = 49E13BE623609386006510FD /* Build configuration list for PBXProject "Contest" */;
			compatibilityVersion = "Xcode 9.3";
			developmentRegion = en;
			hasScannedForEncodings = 0;
			knownRegions = (
				en,
				Base,
			);
			mainGroup = 49E13BE223609386006510FD;
			productRefGroup = 49E13BEC23609386006510FD /* Products */;
			projectDirPath = "";
			projectRoot = "";
			targets = (
				49E13BEA23609386006510FD /* Contest */,
				49E13C0023609387006510FD /* ContestTests */,
				49E13C0B23609387006510FD /* ContestUITests */,
			);
		};
/* End PBXProject section */

/* Begin PBXResourcesBuildPhase section */
		49E13BE923609386006510FD /* Resources */ = {
			isa = PBXResourcesBuildPhase;
			buildActionMask = 2147483647;
			files = (
				49E13BFB23609387006510FD /* LaunchScreen.storyboard in Resources */,
				49E13BF823609387006510FD /* Assets.xcassets in Resources */,
				49E13BF623609386006510FD /* Main.storyboard in Resources */,
			);
			runOnlyForDeploymentPostprocessing = 0;
		};
		49E13BFF23609387006510FD /* Resources */ = {
			isa = PBXResourcesBuildPhase;
			buildActionMask = 2147483647;
			files = (
			);
			runOnlyForDeploymentPostprocessing = 0;
		};
		49E13C0A23609387006510FD /* Resources */ = {
			isa = PBXResourcesBuildPhase;
			buildActionMask = 2147483647;
			files = (
			);
			runOnlyForDeploymentPostprocessing = 0;
		};
/* End PBXResourcesBuildPhase section */

/* Begin PBXSourcesBuildPhase section */
		49E13BE723609386006510FD /* Sources */ = {
			isa = PBXSourcesBuildPhase;
			buildActionMask = 2147483647;
			files = (
				49E13BF323609386006510FD /* ViewController.swift in Sources */,
				49E13BEF23609386006510FD /* AppDelegate.swift in Sources */,
				49E13BF123609386006510FD /* SceneDelegate.swift in Sources */,
			);
			runOnlyForDeploymentPostprocessing = 0;
		};
		49E13BFD23609387006510FD /* Sources */ = {
			isa = PBXSourcesBuildPhase;
			buildActionMask = 2147483647;
			files = (
				49E13C0623609387006510FD /* ContestTests.swift in Sources */,
			);
			runOnlyForDeploymentPostprocessing = 0;
		};
		49E13C0823609387006510FD /* Sources */ = {
			isa = PBXSourcesBuildPhase;
			buildActionMask = 2147483647;
			files = (
				49E13C1123609387006510FD /* ContestUITests.swift in Sources */,
			);
			runOnlyForDeploymentPostprocessing = 0;
		};
/* End PBXSourcesBuildPhase section */

/* Begin PBXTargetDependency section */
		49E13C0323609387006510FD /* PBXTargetDependency */ = {
			isa = PBXTargetDependency;
			target = 49E13BEA23609386006510FD /* Contest */;
			targetProxy = 49E13C0223609387006510FD /* PBXContainerItemProxy */;
		};
		49E13C0E23609387006510FD /* PBXTargetDependency */ = {
			isa = PBXTargetDependency;
			target = 49E13BEA23609386006510FD /* Contest */;
			targetProxy = 49E13C0D23609387006510FD /* PBXContainerItemProxy */;
		};
/* End PBXTargetDependency section */

/* Begin PBXVariantGroup section */
		49E13BF423609386006510FD /* Main.storyboard */ = {
			isa = PBXVariantGroup;
			children = (
				49E13BF523609386006510FD /* Base */,
			);
			name = Main.storyboard;
			sourceTree = "<group>";
		};
		49E13BF923609387006510FD /* LaunchScreen.storyboard */ = {
			isa = PBXVariantGroup;
			children = (
				49E13BFA23609387006510FD /* Base */,
			);
			name = LaunchScreen.storyboard;
			sourceTree = "<group>";
		};
/* End PBXVariantGroup section */

/* Begin XCBuildConfiguration section */
		49E13C1323609387006510FD /* Debug */ = {
			isa = XCBuildConfiguration;
			buildSettings = {
				ALWAYS_SEARCH_USER_PATHS = NO;
				CLANG_ANALYZER_NONNULL = YES;
				CLANG_ANALYZER_NUMBER_OBJECT_CONVERSION = YES_AGGRESSIVE;
				CLANG_CXX_LANGUAGE_STANDARD = "gnu++14";
				CLANG_CXX_LIBRARY = "libc++";
				CLANG_ENABLE_MODULES = YES;
				CLANG_ENABLE_OBJC_ARC = YES;
				CLANG_ENABLE_OBJC_WEAK = YES;
				CLANG_WARN_BLOCK_CAPTURE_AUTORELEASING = YES;
				CLANG_WARN_BOOL_CONVERSION = YES;
				CLANG_WARN_COMMA = YES;
				CLANG_WARN_CONSTANT_CONVERSION = YES;
				CLANG_WARN_DEPRECATED_OBJC_IMPLEMENTATIONS = YES;
				CLANG_WARN_DIRECT_OBJC_ISA_USAGE = YES_ERROR;
				CLANG_WARN_DOCUMENTATION_COMMENTS = YES;
				CLANG_WARN_EMPTY_BODY = YES;
				CLANG_WARN_ENUM_CONVERSION = YES;
				CLANG_WARN_INFINITE_RECURSION = YES;
				CLANG_WARN_INT_CONVERSION = YES;
				CLANG_WARN_NON_LITERAL_NULL_CONVERSION = YES;
				CLANG_WARN_OBJC_IMPLICIT_RETAIN_SELF = YES;
				CLANG_WARN_OBJC_LITERAL_CONVERSION = YES;
				CLANG_WARN_OBJC_ROOT_CLASS = YES_ERROR;
				CLANG_WARN_RANGE_LOOP_ANALYSIS = YES;
				CLANG_WARN_STRICT_PROTOTYPES = YES;
				CLANG_WARN_SUSPICIOUS_MOVE = YES;
				CLANG_WARN_UNGUARDED_AVAILABILITY = YES_AGGRESSIVE;
				CLANG_WARN_UNREACHABLE_CODE = YES;
				CLANG_WARN__DUPLICATE_METHOD_MATCH = YES;
				COPY_PHASE_STRIP = NO;
				DEBUG_INFORMATION_FORMAT = dwarf;
				ENABLE_STRICT_OBJC_MSGSEND = YES;
				ENABLE_TESTABILITY = YES;
				GCC_C_LANGUAGE_STANDARD = gnu11;
				GCC_DYNAMIC_NO_PIC = NO;
				GCC_NO_COMMON_BLOCKS = YES;
				GCC_OPTIMIZATION_LEVEL = 0;
				GCC_PREPROCESSOR_DEFINITIONS = (
					"DEBUG=1",
					"$(inherited)",
				);
				GCC_WARN_64_TO_32_BIT_CONVERSION = YES;
				GCC_WARN_ABOUT_RETURN_TYPE = YES_ERROR;
				GCC_WARN_UNDECLARED_SELECTOR = YES;
				GCC_WARN_UNINITIALIZED_AUTOS = YES_AGGRESSIVE;
				GCC_WARN_UNUSED_FUNCTION = YES;
				GCC_WARN_UNUSED_VARIABLE = YES;
				IPHONEOS_DEPLOYMENT_TARGET = 13.1;
				MTL_ENABLE_DEBUG_INFO = INCLUDE_SOURCE;
				MTL_FAST_MATH = YES;
				ONLY_ACTIVE_ARCH = YES;
				SDKROOT = iphoneos;
				SWIFT_ACTIVE_COMPILATION_CONDITIONS = DEBUG;
				SWIFT_OPTIMIZATION_LEVEL = "-Onone";
			};
			name = Debug;
		};
		49E13C1423609387006510FD /* Release */ = {
			isa = XCBuildConfiguration;
			buildSettings = {
				ALWAYS_SEARCH_USER_PATHS = NO;
				CLANG_ANALYZER_NONNULL = YES;
				CLANG_ANALYZER_NUMBER_OBJECT_CONVERSION = YES_AGGRESSIVE;
				CLANG_CXX_LANGUAGE_STANDARD = "gnu++14";
				CLANG_CXX_LIBRARY = "libc++";
				CLANG_ENABLE_MODULES = YES;
				CLANG_ENABLE_OBJC_ARC = YES;
				CLANG_ENABLE_OBJC_WEAK = YES;
				CLANG_WARN_BLOCK_CAPTURE_AUTORELEASING = YES;
				CLANG_WARN_BOOL_CONVERSION = YES;
				CLANG_WARN_COMMA = YES;
				CLANG_WARN_CONSTANT_CONVERSION = YES;
				CLANG_WARN_DEPRECATED_OBJC_IMPLEMENTATIONS = YES;
				CLANG_WARN_DIRECT_OBJC_ISA_USAGE = YES_ERROR;
				CLANG_WARN_DOCUMENTATION_COMMENTS = YES;
				CLANG_WARN_EMPTY_BODY = YES;
				CLANG_WARN_ENUM_CONVERSION = YES;
				CLANG_WARN_INFINITE_RECURSION = YES;
				CLANG_WARN_INT_CONVERSION = YES;
				CLANG_WARN_NON_LITERAL_NULL_CONVERSION = YES;
				CLANG_WARN_OBJC_IMPLICIT_RETAIN_SELF = YES;
				CLANG_WARN_OBJC_LITERAL_CONVERSION = YES;
				CLANG_WARN_OBJC_ROOT_CLASS = YES_ERROR;
				CLANG_WARN_RANGE_LOOP_ANALYSIS = YES;
				CLANG_WARN_STRICT_PROTOTYPES = YES;
				CLANG_WARN_SUSPICIOUS_MOVE = YES;
				CLANG_WARN_UNGUARDED_AVAILABILITY = YES_AGGRESSIVE;
				CLANG_WARN_UNREACHABLE_CODE = YES;
				CLANG_WARN__DUPLICATE_METHOD_MATCH = YES;
				COPY_PHASE_STRIP = NO;
				DEBUG_INFORMATION_FORMAT = "dwarf-with-dsym";
				ENABLE_NS_ASSERTIONS = NO;
				ENABLE_STRICT_OBJC_MSGSEND = YES;
				GCC_C_LANGUAGE_STANDARD = gnu11;
				GCC_NO_COMMON_BLOCKS = YES;
				GCC_WARN_64_TO_32_BIT_CONVERSION = YES;
				GCC_WARN_ABOUT_RETURN_TYPE = YES_ERROR;
				GCC_WARN_UNDECLARED_SELECTOR = YES;
				GCC_WARN_UNINITIALIZED_AUTOS = YES_AGGRESSIVE;
				GCC_WARN_UNUSED_FUNCTION = YES;
				GCC_WARN_UNUSED_VARIABLE = YES;
				IPHONEOS_DEPLOYMENT_TARGET = 13.1;
				MTL_ENABLE_DEBUG_INFO = NO;
				MTL_FAST_MATH = YES;
				SDKROOT = iphoneos;
				SWIFT_COMPILATION_MODE = wholemodule;
				SWIFT_OPTIMIZATION_LEVEL = "-O";
				VALIDATE_PRODUCT = YES;
			};
			name = Release;
		};
		49E13C1623609387006510FD /* Debug */ = {
			isa = XCBuildConfiguration;
			buildSettings = {
				ASSETCATALOG_COMPILER_APPICON_NAME = AppIcon;
				CODE_SIGN_STYLE = Automatic;
				INFOPLIST_FILE = Contest/Info.plist;
				LD_RUNPATH_SEARCH_PATHS = (
					"$(inherited)",
					"@executable_path/Frameworks",
				);
				PRODUCT_BUNDLE_IDENTIFIER = Tyler.Contest;
				PRODUCT_NAME = "$(TARGET_NAME)";
				SWIFT_VERSION = 5.0;
				TARGETED_DEVICE_FAMILY = "1,2";
			};
			name = Debug;
		};
		49E13C1723609387006510FD /* Release */ = {
			isa = XCBuildConfiguration;
			buildSettings = {
				ASSETCATALOG_COMPILER_APPICON_NAME = AppIcon;
				CODE_SIGN_STYLE = Automatic;
				INFOPLIST_FILE = Contest/Info.plist;
				LD_RUNPATH_SEARCH_PATHS = (
					"$(inherited)",
					"@executable_path/Frameworks",
				);
				PRODUCT_BUNDLE_IDENTIFIER = Tyler.Contest;
				PRODUCT_NAME = "$(TARGET_NAME)";
				SWIFT_VERSION = 5.0;
				TARGETED_DEVICE_FAMILY = "1,2";
			};
			name = Release;
		};
		49E13C1923609387006510FD /* Debug */ = {
			isa = XCBuildConfiguration;
			buildSettings = {
				ALWAYS_EMBED_SWIFT_STANDARD_LIBRARIES = YES;
				BUNDLE_LOADER = "$(TEST_HOST)";
				CODE_SIGN_STYLE = Automatic;
				INFOPLIST_FILE = ContestTests/Info.plist;
				IPHONEOS_DEPLOYMENT_TARGET = 13.1;
				LD_RUNPATH_SEARCH_PATHS = (
					"$(inherited)",
					"@executable_path/Frameworks",
					"@loader_path/Frameworks",
				);
				PRODUCT_BUNDLE_IDENTIFIER = Tyler.ContestTests;
				PRODUCT_NAME = "$(TARGET_NAME)";
				SWIFT_VERSION = 5.0;
				TARGETED_DEVICE_FAMILY = "1,2";
				TEST_HOST = "$(BUILT_PRODUCTS_DIR)/Contest.app/Contest";
			};
			name = Debug;
		};
		49E13C1A23609387006510FD /* Release */ = {
			isa = XCBuildConfiguration;
			buildSettings = {
				ALWAYS_EMBED_SWIFT_STANDARD_LIBRARIES = YES;
				BUNDLE_LOADER = "$(TEST_HOST)";
				CODE_SIGN_STYLE = Automatic;
				INFOPLIST_FILE = ContestTests/Info.plist;
				IPHONEOS_DEPLOYMENT_TARGET = 13.1;
				LD_RUNPATH_SEARCH_PATHS = (
					"$(inherited)",
					"@executable_path/Frameworks",
					"@loader_path/Frameworks",
				);
				PRODUCT_BUNDLE_IDENTIFIER = Tyler.ContestTests;
				PRODUCT_NAME = "$(TARGET_NAME)";
				SWIFT_VERSION = 5.0;
				TARGETED_DEVICE_FAMILY = "1,2";
				TEST_HOST = "$(BUILT_PRODUCTS_DIR)/Contest.app/Contest";
			};
			name = Release;
		};
		49E13C1C23609387006510FD /* Debug */ = {
			isa = XCBuildConfiguration;
			buildSettings = {
				ALWAYS_EMBED_SWIFT_STANDARD_LIBRARIES = YES;
				CODE_SIGN_STYLE = Automatic;
				INFOPLIST_FILE = ContestUITests/Info.plist;
				LD_RUNPATH_SEARCH_PATHS = (
					"$(inherited)",
					"@executable_path/Frameworks",
					"@loader_path/Frameworks",
				);
				PRODUCT_BUNDLE_IDENTIFIER = Tyler.ContestUITests;
				PRODUCT_NAME = "$(TARGET_NAME)";
				SWIFT_VERSION = 5.0;
				TARGETED_DEVICE_FAMILY = "1,2";
				TEST_TARGET_NAME = Contest;
			};
			name = Debug;
		};
		49E13C1D23609387006510FD /* Release */ = {
			isa = XCBuildConfiguration;
			buildSettings = {
				ALWAYS_EMBED_SWIFT_STANDARD_LIBRARIES = YES;
				CODE_SIGN_STYLE = Automatic;
				INFOPLIST_FILE = ContestUITests/Info.plist;
				LD_RUNPATH_SEARCH_PATHS = (
					"$(inherited)",
					"@executable_path/Frameworks",
					"@loader_path/Frameworks",
				);
				PRODUCT_BUNDLE_IDENTIFIER = Tyler.ContestUITests;
				PRODUCT_NAME = "$(TARGET_NAME)";
				SWIFT_VERSION = 5.0;
				TARGETED_DEVICE_FAMILY = "1,2";
				TEST_TARGET_NAME = Contest;
			};
			name = Release;
		};
/* End XCBuildConfiguration section */

/* Begin XCConfigurationList section */
		49E13BE623609386006510FD /* Build configuration list for PBXProject "Contest" */ = {
			isa = XCConfigurationList;
			buildConfigurations = (
				49E13C1323609387006510FD /* Debug */,
				49E13C1423609387006510FD /* Release */,
			);
			defaultConfigurationIsVisible = 0;
			defaultConfigurationName = Release;
		};
		49E13C1523609387006510FD /* Build configuration list for PBXNativeTarget "Contest" */ = {
			isa = XCConfigurationList;
			buildConfigurations = (
				49E13C1623609387006510FD /* Debug */,
				49E13C1723609387006510FD /* Release */,
			);
			defaultConfigurationIsVisible = 0;
			defaultConfigurationName = Release;
		};
		49E13C1823609387006510FD /* Build configuration list for PBXNativeTarget "ContestTests" */ = {
			isa = XCConfigurationList;
			buildConfigurations = (
				49E13C1923609387006510FD /* Debug */,
				49E13C1A23609387006510FD /* Release */,
			);
			defaultConfigurationIsVisible = 0;
			defaultConfigurationName = Release;
		};
		49E13C1B23609387006510FD /* Build configuration list for PBXNativeTarget "ContestUITests" */ = {
			isa = XCConfigurationList;
			buildConfigurations = (
				49E13C1C23609387006510FD /* Debug */,
				49E13C1D23609387006510FD /* Release */,
			);
			defaultConfigurationIsVisible = 0;
			defaultConfigurationName = Release;
		};
/* End XCConfigurationList section */
	};
	rootObject = 49E13BE323609386006510FD /* Project object */;
}
