// !$*UTF8*$!
{
	archiveVersion = 1;
	classes = {
	};
	objectVersion = 50;
	objects = {

/* Begin PBXBuildFile section */
		4964CEE7226F61C9000EEE01 /* AppDelegate.swift in Sources */ = {isa = PBXBuildFile; fileRef = 4964CEE6226F61C9000EEE01 /* AppDelegate.swift */; };
		4964CEE9226F61C9000EEE01 /* ViewController.swift in Sources */ = {isa = PBXBuildFile; fileRef = 4964CEE8226F61C9000EEE01 /* ViewController.swift */; };
		4964CEEC226F61C9000EEE01 /* Main.storyboard in Resources */ = {isa = PBXBuildFile; fileRef = 4964CEEA226F61C9000EEE01 /* Main.storyboard */; };
		4964CEEE226F61C9000EEE01 /* Assets.xcassets in Resources */ = {isa = PBXBuildFile; fileRef = 4964CEED226F61C9000EEE01 /* Assets.xcassets */; };
		4964CEF1226F61C9000EEE01 /* LaunchScreen.storyboard in Resources */ = {isa = PBXBuildFile; fileRef = 4964CEEF226F61C9000EEE01 /* LaunchScreen.storyboard */; };
		4964CEFC226F61C9000EEE01 /* LoginTests.swift in Sources */ = {isa = PBXBuildFile; fileRef = 4964CEFB226F61C9000EEE01 /* LoginTests.swift */; };
		4964CF07226F61C9000EEE01 /* LoginUITests.swift in Sources */ = {isa = PBXBuildFile; fileRef = 4964CF06226F61C9000EEE01 /* LoginUITests.swift */; };
/* End PBXBuildFile section */

/* Begin PBXContainerItemProxy section */
		4964CEF8226F61C9000EEE01 /* PBXContainerItemProxy */ = {
			isa = PBXContainerItemProxy;
			containerPortal = 4964CEDB226F61C9000EEE01 /* Project object */;
			proxyType = 1;
			remoteGlobalIDString = 4964CEE2226F61C9000EEE01;
			remoteInfo = Login;
		};
		4964CF03226F61C9000EEE01 /* PBXContainerItemProxy */ = {
			isa = PBXContainerItemProxy;
			containerPortal = 4964CEDB226F61C9000EEE01 /* Project object */;
			proxyType = 1;
			remoteGlobalIDString = 4964CEE2226F61C9000EEE01;
			remoteInfo = Login;
		};
/* End PBXContainerItemProxy section */

/* Begin PBXFileReference section */
		4964CEE3226F61C9000EEE01 /* Login.app */ = {isa = PBXFileReference; explicitFileType = wrapper.application; includeInIndex = 0; path = Login.app; sourceTree = BUILT_PRODUCTS_DIR; };
		4964CEE6226F61C9000EEE01 /* AppDelegate.swift */ = {isa = PBXFileReference; lastKnownFileType = sourcecode.swift; path = AppDelegate.swift; sourceTree = "<group>"; };
		4964CEE8226F61C9000EEE01 /* ViewController.swift */ = {isa = PBXFileReference; lastKnownFileType = sourcecode.swift; path = ViewController.swift; sourceTree = "<group>"; };
		4964CEEB226F61C9000EEE01 /* Base */ = {isa = PBXFileReference; lastKnownFileType = file.storyboard; name = Base; path = Base.lproj/Main.storyboard; sourceTree = "<group>"; };
		4964CEED226F61C9000EEE01 /* Assets.xcassets */ = {isa = PBXFileReference; lastKnownFileType = folder.assetcatalog; path = Assets.xcassets; sourceTree = "<group>"; };
		4964CEF0226F61C9000EEE01 /* Base */ = {isa = PBXFileReference; lastKnownFileType = file.storyboard; name = Base; path = Base.lproj/LaunchScreen.storyboard; sourceTree = "<group>"; };
		4964CEF2226F61C9000EEE01 /* Info.plist */ = {isa = PBXFileReference; lastKnownFileType = text.plist.xml; path = Info.plist; sourceTree = "<group>"; };
		4964CEF7226F61C9000EEE01 /* LoginTests.xctest */ = {isa = PBXFileReference; explicitFileType = wrapper.cfbundle; includeInIndex = 0; path = LoginTests.xctest; sourceTree = BUILT_PRODUCTS_DIR; };
		4964CEFB226F61C9000EEE01 /* LoginTests.swift */ = {isa = PBXFileReference; lastKnownFileType = sourcecode.swift; path = LoginTests.swift; sourceTree = "<group>"; };
		4964CEFD226F61C9000EEE01 /* Info.plist */ = {isa = PBXFileReference; lastKnownFileType = text.plist.xml; path = Info.plist; sourceTree = "<group>"; };
		4964CF02226F61C9000EEE01 /* LoginUITests.xctest */ = {isa = PBXFileReference; explicitFileType = wrapper.cfbundle; includeInIndex = 0; path = LoginUITests.xctest; sourceTree = BUILT_PRODUCTS_DIR; };
		4964CF06226F61C9000EEE01 /* LoginUITests.swift */ = {isa = PBXFileReference; lastKnownFileType = sourcecode.swift; path = LoginUITests.swift; sourceTree = "<group>"; };
		4964CF08226F61C9000EEE01 /* Info.plist */ = {isa = PBXFileReference; lastKnownFileType = text.plist.xml; path = Info.plist; sourceTree = "<group>"; };
/* End PBXFileReference section */

/* Begin PBXFrameworksBuildPhase section */
		4964CEE0226F61C9000EEE01 /* Frameworks */ = {
			isa = PBXFrameworksBuildPhase;
			buildActionMask = 2147483647;
			files = (
			);
			runOnlyForDeploymentPostprocessing = 0;
		};
		4964CEF4226F61C9000EEE01 /* Frameworks */ = {
			isa = PBXFrameworksBuildPhase;
			buildActionMask = 2147483647;
			files = (
			);
			runOnlyForDeploymentPostprocessing = 0;
		};
		4964CEFF226F61C9000EEE01 /* Frameworks */ = {
			isa = PBXFrameworksBuildPhase;
			buildActionMask = 2147483647;
			files = (
			);
			runOnlyForDeploymentPostprocessing = 0;
		};
/* End PBXFrameworksBuildPhase section */

/* Begin PBXGroup section */
		4964CEDA226F61C9000EEE01 = {
			isa = PBXGroup;
			children = (
				4964CEE5226F61C9000EEE01 /* Login */,
				4964CEFA226F61C9000EEE01 /* LoginTests */,
				4964CF05226F61C9000EEE01 /* LoginUITests */,
				4964CEE4226F61C9000EEE01 /* Products */,
			);
			sourceTree = "<group>";
		};
		4964CEE4226F61C9000EEE01 /* Products */ = {
			isa = PBXGroup;
			children = (
				4964CEE3226F61C9000EEE01 /* Login.app */,
				4964CEF7226F61C9000EEE01 /* LoginTests.xctest */,
				4964CF02226F61C9000EEE01 /* LoginUITests.xctest */,
			);
			name = Products;
			sourceTree = "<group>";
		};
		4964CEE5226F61C9000EEE01 /* Login */ = {
			isa = PBXGroup;
			children = (
				4964CEE6226F61C9000EEE01 /* AppDelegate.swift */,
				4964CEE8226F61C9000EEE01 /* ViewController.swift */,
				4964CEEA226F61C9000EEE01 /* Main.storyboard */,
				4964CEED226F61C9000EEE01 /* Assets.xcassets */,
				4964CEEF226F61C9000EEE01 /* LaunchScreen.storyboard */,
				4964CEF2226F61C9000EEE01 /* Info.plist */,
			);
			path = Login;
			sourceTree = "<group>";
		};
		4964CEFA226F61C9000EEE01 /* LoginTests */ = {
			isa = PBXGroup;
			children = (
				4964CEFB226F61C9000EEE01 /* LoginTests.swift */,
				4964CEFD226F61C9000EEE01 /* Info.plist */,
			);
			path = LoginTests;
			sourceTree = "<group>";
		};
		4964CF05226F61C9000EEE01 /* LoginUITests */ = {
			isa = PBXGroup;
			children = (
				4964CF06226F61C9000EEE01 /* LoginUITests.swift */,
				4964CF08226F61C9000EEE01 /* Info.plist */,
			);
			path = LoginUITests;
			sourceTree = "<group>";
		};
/* End PBXGroup section */

/* Begin PBXNativeTarget section */
		4964CEE2226F61C9000EEE01 /* Login */ = {
			isa = PBXNativeTarget;
			buildConfigurationList = 4964CF0B226F61C9000EEE01 /* Build configuration list for PBXNativeTarget "Login" */;
			buildPhases = (
				4964CEDF226F61C9000EEE01 /* Sources */,
				4964CEE0226F61C9000EEE01 /* Frameworks */,
				4964CEE1226F61C9000EEE01 /* Resources */,
			);
			buildRules = (
			);
			dependencies = (
			);
			name = Login;
			productName = Login;
			productReference = 4964CEE3226F61C9000EEE01 /* Login.app */;
			productType = "com.apple.product-type.application";
		};
		4964CEF6226F61C9000EEE01 /* LoginTests */ = {
			isa = PBXNativeTarget;
			buildConfigurationList = 4964CF0E226F61C9000EEE01 /* Build configuration list for PBXNativeTarget "LoginTests" */;
			buildPhases = (
				4964CEF3226F61C9000EEE01 /* Sources */,
				4964CEF4226F61C9000EEE01 /* Frameworks */,
				4964CEF5226F61C9000EEE01 /* Resources */,
			);
			buildRules = (
			);
			dependencies = (
				4964CEF9226F61C9000EEE01 /* PBXTargetDependency */,
			);
			name = LoginTests;
			productName = LoginTests;
			productReference = 4964CEF7226F61C9000EEE01 /* LoginTests.xctest */;
			productType = "com.apple.product-type.bundle.unit-test";
		};
		4964CF01226F61C9000EEE01 /* LoginUITests */ = {
			isa = PBXNativeTarget;
			buildConfigurationList = 4964CF11226F61C9000EEE01 /* Build configuration list for PBXNativeTarget "LoginUITests" */;
			buildPhases = (
				4964CEFE226F61C9000EEE01 /* Sources */,
				4964CEFF226F61C9000EEE01 /* Frameworks */,
				4964CF00226F61C9000EEE01 /* Resources */,
			);
			buildRules = (
			);
			dependencies = (
				4964CF04226F61C9000EEE01 /* PBXTargetDependency */,
			);
			name = LoginUITests;
			productName = LoginUITests;
			productReference = 4964CF02226F61C9000EEE01 /* LoginUITests.xctest */;
			productType = "com.apple.product-type.bundle.ui-testing";
		};
/* End PBXNativeTarget section */

/* Begin PBXProject section */
		4964CEDB226F61C9000EEE01 /* Project object */ = {
			isa = PBXProject;
			attributes = {
				LastSwiftUpdateCheck = 1010;
				LastUpgradeCheck = 1010;
				ORGANIZATIONNAME = "Student User";
				TargetAttributes = {
					4964CEE2226F61C9000EEE01 = {
						CreatedOnToolsVersion = 10.1;
					};
					4964CEF6226F61C9000EEE01 = {
						CreatedOnToolsVersion = 10.1;
						TestTargetID = 4964CEE2226F61C9000EEE01;
					};
					4964CF01226F61C9000EEE01 = {
						CreatedOnToolsVersion = 10.1;
						TestTargetID = 4964CEE2226F61C9000EEE01;
					};
				};
			};
			buildConfigurationList = 4964CEDE226F61C9000EEE01 /* Build configuration list for PBXProject "Login" */;
			compatibilityVersion = "Xcode 9.3";
			developmentRegion = en;
			hasScannedForEncodings = 0;
			knownRegions = (
				en,
				Base,
			);
			mainGroup = 4964CEDA226F61C9000EEE01;
			productRefGroup = 4964CEE4226F61C9000EEE01 /* Products */;
			projectDirPath = "";
			projectRoot = "";
			targets = (
				4964CEE2226F61C9000EEE01 /* Login */,
				4964CEF6226F61C9000EEE01 /* LoginTests */,
				4964CF01226F61C9000EEE01 /* LoginUITests */,
			);
		};
/* End PBXProject section */

/* Begin PBXResourcesBuildPhase section */
		4964CEE1226F61C9000EEE01 /* Resources */ = {
			isa = PBXResourcesBuildPhase;
			buildActionMask = 2147483647;
			files = (
				4964CEF1226F61C9000EEE01 /* LaunchScreen.storyboard in Resources */,
				4964CEEE226F61C9000EEE01 /* Assets.xcassets in Resources */,
				4964CEEC226F61C9000EEE01 /* Main.storyboard in Resources */,
			);
			runOnlyForDeploymentPostprocessing = 0;
		};
		4964CEF5226F61C9000EEE01 /* Resources */ = {
			isa = PBXResourcesBuildPhase;
			buildActionMask = 2147483647;
			files = (
			);
			runOnlyForDeploymentPostprocessing = 0;
		};
		4964CF00226F61C9000EEE01 /* Resources */ = {
			isa = PBXResourcesBuildPhase;
			buildActionMask = 2147483647;
			files = (
			);
			runOnlyForDeploymentPostprocessing = 0;
		};
/* End PBXResourcesBuildPhase section */

/* Begin PBXSourcesBuildPhase section */
		4964CEDF226F61C9000EEE01 /* Sources */ = {
			isa = PBXSourcesBuildPhase;
			buildActionMask = 2147483647;
			files = (
				4964CEE9226F61C9000EEE01 /* ViewController.swift in Sources */,
				4964CEE7226F61C9000EEE01 /* AppDelegate.swift in Sources */,
			);
			runOnlyForDeploymentPostprocessing = 0;
		};
		4964CEF3226F61C9000EEE01 /* Sources */ = {
			isa = PBXSourcesBuildPhase;
			buildActionMask = 2147483647;
			files = (
				4964CEFC226F61C9000EEE01 /* LoginTests.swift in Sources */,
			);
			runOnlyForDeploymentPostprocessing = 0;
		};
		4964CEFE226F61C9000EEE01 /* Sources */ = {
			isa = PBXSourcesBuildPhase;
			buildActionMask = 2147483647;
			files = (
				4964CF07226F61C9000EEE01 /* LoginUITests.swift in Sources */,
			);
			runOnlyForDeploymentPostprocessing = 0;
		};
/* End PBXSourcesBuildPhase section */

/* Begin PBXTargetDependency section */
		4964CEF9226F61C9000EEE01 /* PBXTargetDependency */ = {
			isa = PBXTargetDependency;
			target = 4964CEE2226F61C9000EEE01 /* Login */;
			targetProxy = 4964CEF8226F61C9000EEE01 /* PBXContainerItemProxy */;
		};
		4964CF04226F61C9000EEE01 /* PBXTargetDependency */ = {
			isa = PBXTargetDependency;
			target = 4964CEE2226F61C9000EEE01 /* Login */;
			targetProxy = 4964CF03226F61C9000EEE01 /* PBXContainerItemProxy */;
		};
/* End PBXTargetDependency section */

/* Begin PBXVariantGroup section */
		4964CEEA226F61C9000EEE01 /* Main.storyboard */ = {
			isa = PBXVariantGroup;
			children = (
				4964CEEB226F61C9000EEE01 /* Base */,
			);
			name = Main.storyboard;
			sourceTree = "<group>";
		};
		4964CEEF226F61C9000EEE01 /* LaunchScreen.storyboard */ = {
			isa = PBXVariantGroup;
			children = (
				4964CEF0226F61C9000EEE01 /* Base */,
			);
			name = LaunchScreen.storyboard;
			sourceTree = "<group>";
		};
/* End PBXVariantGroup section */

/* Begin XCBuildConfiguration section */
		4964CF09226F61C9000EEE01 /* Debug */ = {
			isa = XCBuildConfiguration;
			buildSettings = {
				ALWAYS_SEARCH_USER_PATHS = NO;
				CLANG_ANALYZER_NONNULL = YES;
				CLANG_ANALYZER_NUMBER_OBJECT_CONVERSION = YES_AGGRESSIVE;
				CLANG_CXX_LANGUAGE_STANDARD = "gnu++14";
				CLANG_CXX_LIBRARY = "libc++";
				CLANG_ENABLE_MODULES = YES;
				CLANG_ENABLE_OBJC_ARC = YES;
				CLANG_ENABLE_OBJC_WEAK = YES;
				CLANG_WARN_BLOCK_CAPTURE_AUTORELEASING = YES;
				CLANG_WARN_BOOL_CONVERSION = YES;
				CLANG_WARN_COMMA = YES;
				CLANG_WARN_CONSTANT_CONVERSION = YES;
				CLANG_WARN_DEPRECATED_OBJC_IMPLEMENTATIONS = YES;
				CLANG_WARN_DIRECT_OBJC_ISA_USAGE = YES_ERROR;
				CLANG_WARN_DOCUMENTATION_COMMENTS = YES;
				CLANG_WARN_EMPTY_BODY = YES;
				CLANG_WARN_ENUM_CONVERSION = YES;
				CLANG_WARN_INFINITE_RECURSION = YES;
				CLANG_WARN_INT_CONVERSION = YES;
				CLANG_WARN_NON_LITERAL_NULL_CONVERSION = YES;
				CLANG_WARN_OBJC_IMPLICIT_RETAIN_SELF = YES;
				CLANG_WARN_OBJC_LITERAL_CONVERSION = YES;
				CLANG_WARN_OBJC_ROOT_CLASS = YES_ERROR;
				CLANG_WARN_RANGE_LOOP_ANALYSIS = YES;
				CLANG_WARN_STRICT_PROTOTYPES = YES;
				CLANG_WARN_SUSPICIOUS_MOVE = YES;
				CLANG_WARN_UNGUARDED_AVAILABILITY = YES_AGGRESSIVE;
				CLANG_WARN_UNREACHABLE_CODE = YES;
				CLANG_WARN__DUPLICATE_METHOD_MATCH = YES;
				CODE_SIGN_IDENTITY = "iPhone Developer";
				COPY_PHASE_STRIP = NO;
				DEBUG_INFORMATION_FORMAT = dwarf;
				ENABLE_STRICT_OBJC_MSGSEND = YES;
				ENABLE_TESTABILITY = YES;
				GCC_C_LANGUAGE_STANDARD = gnu11;
				GCC_DYNAMIC_NO_PIC = NO;
				GCC_NO_COMMON_BLOCKS = YES;
				GCC_OPTIMIZATION_LEVEL = 0;
				GCC_PREPROCESSOR_DEFINITIONS = (
					"DEBUG=1",
					"$(inherited)",
				);
				GCC_WARN_64_TO_32_BIT_CONVERSION = YES;
				GCC_WARN_ABOUT_RETURN_TYPE = YES_ERROR;
				GCC_WARN_UNDECLARED_SELECTOR = YES;
				GCC_WARN_UNINITIALIZED_AUTOS = YES_AGGRESSIVE;
				GCC_WARN_UNUSED_FUNCTION = YES;
				GCC_WARN_UNUSED_VARIABLE = YES;
				IPHONEOS_DEPLOYMENT_TARGET = 12.1;
				MTL_ENABLE_DEBUG_INFO = INCLUDE_SOURCE;
				MTL_FAST_MATH = YES;
				ONLY_ACTIVE_ARCH = YES;
				SDKROOT = iphoneos;
				SWIFT_ACTIVE_COMPILATION_CONDITIONS = DEBUG;
				SWIFT_OPTIMIZATION_LEVEL = "-Onone";
			};
			name = Debug;
		};
		4964CF0A226F61C9000EEE01 /* Release */ = {
			isa = XCBuildConfiguration;
			buildSettings = {
				ALWAYS_SEARCH_USER_PATHS = NO;
				CLANG_ANALYZER_NONNULL = YES;
				CLANG_ANALYZER_NUMBER_OBJECT_CONVERSION = YES_AGGRESSIVE;
				CLANG_CXX_LANGUAGE_STANDARD = "gnu++14";
				CLANG_CXX_LIBRARY = "libc++";
				CLANG_ENABLE_MODULES = YES;
				CLANG_ENABLE_OBJC_ARC = YES;
				CLANG_ENABLE_OBJC_WEAK = YES;
				CLANG_WARN_BLOCK_CAPTURE_AUTORELEASING = YES;
				CLANG_WARN_BOOL_CONVERSION = YES;
				CLANG_WARN_COMMA = YES;
				CLANG_WARN_CONSTANT_CONVERSION = YES;
				CLANG_WARN_DEPRECATED_OBJC_IMPLEMENTATIONS = YES;
				CLANG_WARN_DIRECT_OBJC_ISA_USAGE = YES_ERROR;
				CLANG_WARN_DOCUMENTATION_COMMENTS = YES;
				CLANG_WARN_EMPTY_BODY = YES;
				CLANG_WARN_ENUM_CONVERSION = YES;
				CLANG_WARN_INFINITE_RECURSION = YES;
				CLANG_WARN_INT_CONVERSION = YES;
				CLANG_WARN_NON_LITERAL_NULL_CONVERSION = YES;
				CLANG_WARN_OBJC_IMPLICIT_RETAIN_SELF = YES;
				CLANG_WARN_OBJC_LITERAL_CONVERSION = YES;
				CLANG_WARN_OBJC_ROOT_CLASS = YES_ERROR;
				CLANG_WARN_RANGE_LOOP_ANALYSIS = YES;
				CLANG_WARN_STRICT_PROTOTYPES = YES;
				CLANG_WARN_SUSPICIOUS_MOVE = YES;
				CLANG_WARN_UNGUARDED_AVAILABILITY = YES_AGGRESSIVE;
				CLANG_WARN_UNREACHABLE_CODE = YES;
				CLANG_WARN__DUPLICATE_METHOD_MATCH = YES;
				CODE_SIGN_IDENTITY = "iPhone Developer";
				COPY_PHASE_STRIP = NO;
				DEBUG_INFORMATION_FORMAT = "dwarf-with-dsym";
				ENABLE_NS_ASSERTIONS = NO;
				ENABLE_STRICT_OBJC_MSGSEND = YES;
				GCC_C_LANGUAGE_STANDARD = gnu11;
				GCC_NO_COMMON_BLOCKS = YES;
				GCC_WARN_64_TO_32_BIT_CONVERSION = YES;
				GCC_WARN_ABOUT_RETURN_TYPE = YES_ERROR;
				GCC_WARN_UNDECLARED_SELECTOR = YES;
				GCC_WARN_UNINITIALIZED_AUTOS = YES_AGGRESSIVE;
				GCC_WARN_UNUSED_FUNCTION = YES;
				GCC_WARN_UNUSED_VARIABLE = YES;
				IPHONEOS_DEPLOYMENT_TARGET = 12.1;
				MTL_ENABLE_DEBUG_INFO = NO;
				MTL_FAST_MATH = YES;
				SDKROOT = iphoneos;
				SWIFT_COMPILATION_MODE = wholemodule;
				SWIFT_OPTIMIZATION_LEVEL = "-O";
				VALIDATE_PRODUCT = YES;
			};
			name = Release;
		};
		4964CF0C226F61C9000EEE01 /* Debug */ = {
			isa = XCBuildConfiguration;
			buildSettings = {
				ASSETCATALOG_COMPILER_APPICON_NAME = AppIcon;
				CODE_SIGN_STYLE = Automatic;
				INFOPLIST_FILE = Login/Info.plist;
				LD_RUNPATH_SEARCH_PATHS = (
					"$(inherited)",
					"@executable_path/Frameworks",
				);
				PRODUCT_BUNDLE_IDENTIFIER = Tyler.Login;
				PRODUCT_NAME = "$(TARGET_NAME)";
				SWIFT_VERSION = 4.2;
				TARGETED_DEVICE_FAMILY = "1,2";
			};
			name = Debug;
		};
		4964CF0D226F61C9000EEE01 /* Release */ = {
			isa = XCBuildConfiguration;
			buildSettings = {
				ASSETCATALOG_COMPILER_APPICON_NAME = AppIcon;
				CODE_SIGN_STYLE = Automatic;
				INFOPLIST_FILE = Login/Info.plist;
				LD_RUNPATH_SEARCH_PATHS = (
					"$(inherited)",
					"@executable_path/Frameworks",
				);
				PRODUCT_BUNDLE_IDENTIFIER = Tyler.Login;
				PRODUCT_NAME = "$(TARGET_NAME)";
				SWIFT_VERSION = 4.2;
				TARGETED_DEVICE_FAMILY = "1,2";
			};
			name = Release;
		};
		4964CF0F226F61C9000EEE01 /* Debug */ = {
			isa = XCBuildConfiguration;
			buildSettings = {
				ALWAYS_EMBED_SWIFT_STANDARD_LIBRARIES = YES;
				BUNDLE_LOADER = "$(TEST_HOST)";
				CODE_SIGN_STYLE = Automatic;
				INFOPLIST_FILE = LoginTests/Info.plist;
				LD_RUNPATH_SEARCH_PATHS = (
					"$(inherited)",
					"@executable_path/Frameworks",
					"@loader_path/Frameworks",
				);
				PRODUCT_BUNDLE_IDENTIFIER = Tyler.LoginTests;
				PRODUCT_NAME = "$(TARGET_NAME)";
				SWIFT_VERSION = 4.2;
				TARGETED_DEVICE_FAMILY = "1,2";
				TEST_HOST = "$(BUILT_PRODUCTS_DIR)/Login.app/Login";
			};
			name = Debug;
		};
		4964CF10226F61C9000EEE01 /* Release */ = {
			isa = XCBuildConfiguration;
			buildSettings = {
				ALWAYS_EMBED_SWIFT_STANDARD_LIBRARIES = YES;
				BUNDLE_LOADER = "$(TEST_HOST)";
				CODE_SIGN_STYLE = Automatic;
				INFOPLIST_FILE = LoginTests/Info.plist;
				LD_RUNPATH_SEARCH_PATHS = (
					"$(inherited)",
					"@executable_path/Frameworks",
					"@loader_path/Frameworks",
				);
				PRODUCT_BUNDLE_IDENTIFIER = Tyler.LoginTests;
				PRODUCT_NAME = "$(TARGET_NAME)";
				SWIFT_VERSION = 4.2;
				TARGETED_DEVICE_FAMILY = "1,2";
				TEST_HOST = "$(BUILT_PRODUCTS_DIR)/Login.app/Login";
			};
			name = Release;
		};
		4964CF12226F61C9000EEE01 /* Debug */ = {
			isa = XCBuildConfiguration;
			buildSettings = {
				ALWAYS_EMBED_SWIFT_STANDARD_LIBRARIES = YES;
				CODE_SIGN_STYLE = Automatic;
				INFOPLIST_FILE = LoginUITests/Info.plist;
				LD_RUNPATH_SEARCH_PATHS = (
					"$(inherited)",
					"@executable_path/Frameworks",
					"@loader_path/Frameworks",
				);
				PRODUCT_BUNDLE_IDENTIFIER = Tyler.LoginUITests;
				PRODUCT_NAME = "$(TARGET_NAME)";
				SWIFT_VERSION = 4.2;
				TARGETED_DEVICE_FAMILY = "1,2";
				TEST_TARGET_NAME = Login;
			};
			name = Debug;
		};
		4964CF13226F61C9000EEE01 /* Release */ = {
			isa = XCBuildConfiguration;
			buildSettings = {
				ALWAYS_EMBED_SWIFT_STANDARD_LIBRARIES = YES;
				CODE_SIGN_STYLE = Automatic;
				INFOPLIST_FILE = LoginUITests/Info.plist;
				LD_RUNPATH_SEARCH_PATHS = (
					"$(inherited)",
					"@executable_path/Frameworks",
					"@loader_path/Frameworks",
				);
				PRODUCT_BUNDLE_IDENTIFIER = Tyler.LoginUITests;
				PRODUCT_NAME = "$(TARGET_NAME)";
				SWIFT_VERSION = 4.2;
				TARGETED_DEVICE_FAMILY = "1,2";
				TEST_TARGET_NAME = Login;
			};
			name = Release;
		};
/* End XCBuildConfiguration section */

/* Begin XCConfigurationList section */
		4964CEDE226F61C9000EEE01 /* Build configuration list for PBXProject "Login" */ = {
			isa = XCConfigurationList;
			buildConfigurations = (
				4964CF09226F61C9000EEE01 /* Debug */,
				4964CF0A226F61C9000EEE01 /* Release */,
			);
			defaultConfigurationIsVisible = 0;
			defaultConfigurationName = Release;
		};
		4964CF0B226F61C9000EEE01 /* Build configuration list for PBXNativeTarget "Login" */ = {
			isa = XCConfigurationList;
			buildConfigurations = (
				4964CF0C226F61C9000EEE01 /* Debug */,
				4964CF0D226F61C9000EEE01 /* Release */,
			);
			defaultConfigurationIsVisible = 0;
			defaultConfigurationName = Release;
		};
		4964CF0E226F61C9000EEE01 /* Build configuration list for PBXNativeTarget "LoginTests" */ = {
			isa = XCConfigurationList;
			buildConfigurations = (
				4964CF0F226F61C9000EEE01 /* Debug */,
				4964CF10226F61C9000EEE01 /* Release */,
			);
			defaultConfigurationIsVisible = 0;
			defaultConfigurationName = Release;
		};
		4964CF11226F61C9000EEE01 /* Build configuration list for PBXNativeTarget "LoginUITests" */ = {
			isa = XCConfigurationList;
			buildConfigurations = (
				4964CF12226F61C9000EEE01 /* Debug */,
				4964CF13226F61C9000EEE01 /* Release */,
			);
			defaultConfigurationIsVisible = 0;
			defaultConfigurationName = Release;
		};
/* End XCConfigurationList section */
	};
	rootObject = 4964CEDB226F61C9000EEE01 /* Project object */;
}
