// !$*UTF8*$!
{
	archiveVersion = 1;
	classes = {
	};
	objectVersion = 50;
	objects = {

/* Begin PBXBuildFile section */
		493E964B22316D0C008A383C /* AppDelegate.swift in Sources */ = {isa = PBXBuildFile; fileRef = 493E964A22316D0C008A383C /* AppDelegate.swift */; };
		493E964D22316D0C008A383C /* ViewController.swift in Sources */ = {isa = PBXBuildFile; fileRef = 493E964C22316D0C008A383C /* ViewController.swift */; };
		493E965022316D0C008A383C /* Main.storyboard in Resources */ = {isa = PBXBuildFile; fileRef = 493E964E22316D0C008A383C /* Main.storyboard */; };
		493E965222316D0D008A383C /* Assets.xcassets in Resources */ = {isa = PBXBuildFile; fileRef = 493E965122316D0D008A383C /* Assets.xcassets */; };
		493E965522316D0D008A383C /* LaunchScreen.storyboard in Resources */ = {isa = PBXBuildFile; fileRef = 493E965322316D0D008A383C /* LaunchScreen.storyboard */; };
		493E966022316D0D008A383C /* HelloAppTests.swift in Sources */ = {isa = PBXBuildFile; fileRef = 493E965F22316D0D008A383C /* HelloAppTests.swift */; };
		493E966B22316D0D008A383C /* HelloAppUITests.swift in Sources */ = {isa = PBXBuildFile; fileRef = 493E966A22316D0D008A383C /* HelloAppUITests.swift */; };
/* End PBXBuildFile section */

/* Begin PBXContainerItemProxy section */
		493E965C22316D0D008A383C /* PBXContainerItemProxy */ = {
			isa = PBXContainerItemProxy;
			containerPortal = 493E963F22316D0C008A383C /* Project object */;
			proxyType = 1;
			remoteGlobalIDString = 493E964622316D0C008A383C;
			remoteInfo = HelloApp;
		};
		493E966722316D0D008A383C /* PBXContainerItemProxy */ = {
			isa = PBXContainerItemProxy;
			containerPortal = 493E963F22316D0C008A383C /* Project object */;
			proxyType = 1;
			remoteGlobalIDString = 493E964622316D0C008A383C;
			remoteInfo = HelloApp;
		};
/* End PBXContainerItemProxy section */

/* Begin PBXFileReference section */
		493E964722316D0C008A383C /* HelloApp.app */ = {isa = PBXFileReference; explicitFileType = wrapper.application; includeInIndex = 0; path = HelloApp.app; sourceTree = BUILT_PRODUCTS_DIR; };
		493E964A22316D0C008A383C /* AppDelegate.swift */ = {isa = PBXFileReference; lastKnownFileType = sourcecode.swift; path = AppDelegate.swift; sourceTree = "<group>"; };
		493E964C22316D0C008A383C /* ViewController.swift */ = {isa = PBXFileReference; lastKnownFileType = sourcecode.swift; path = ViewController.swift; sourceTree = "<group>"; };
		493E964F22316D0C008A383C /* Base */ = {isa = PBXFileReference; lastKnownFileType = file.storyboard; name = Base; path = Base.lproj/Main.storyboard; sourceTree = "<group>"; };
		493E965122316D0D008A383C /* Assets.xcassets */ = {isa = PBXFileReference; lastKnownFileType = folder.assetcatalog; path = Assets.xcassets; sourceTree = "<group>"; };
		493E965422316D0D008A383C /* Base */ = {isa = PBXFileReference; lastKnownFileType = file.storyboard; name = Base; path = Base.lproj/LaunchScreen.storyboard; sourceTree = "<group>"; };
		493E965622316D0D008A383C /* Info.plist */ = {isa = PBXFileReference; lastKnownFileType = text.plist.xml; path = Info.plist; sourceTree = "<group>"; };
		493E965B22316D0D008A383C /* HelloAppTests.xctest */ = {isa = PBXFileReference; explicitFileType = wrapper.cfbundle; includeInIndex = 0; path = HelloAppTests.xctest; sourceTree = BUILT_PRODUCTS_DIR; };
		493E965F22316D0D008A383C /* HelloAppTests.swift */ = {isa = PBXFileReference; lastKnownFileType = sourcecode.swift; path = HelloAppTests.swift; sourceTree = "<group>"; };
		493E966122316D0D008A383C /* Info.plist */ = {isa = PBXFileReference; lastKnownFileType = text.plist.xml; path = Info.plist; sourceTree = "<group>"; };
		493E966622316D0D008A383C /* HelloAppUITests.xctest */ = {isa = PBXFileReference; explicitFileType = wrapper.cfbundle; includeInIndex = 0; path = HelloAppUITests.xctest; sourceTree = BUILT_PRODUCTS_DIR; };
		493E966A22316D0D008A383C /* HelloAppUITests.swift */ = {isa = PBXFileReference; lastKnownFileType = sourcecode.swift; path = HelloAppUITests.swift; sourceTree = "<group>"; };
		493E966C22316D0D008A383C /* Info.plist */ = {isa = PBXFileReference; lastKnownFileType = text.plist.xml; path = Info.plist; sourceTree = "<group>"; };
/* End PBXFileReference section */

/* Begin PBXFrameworksBuildPhase section */
		493E964422316D0C008A383C /* Frameworks */ = {
			isa = PBXFrameworksBuildPhase;
			buildActionMask = 2147483647;
			files = (
			);
			runOnlyForDeploymentPostprocessing = 0;
		};
		493E965822316D0D008A383C /* Frameworks */ = {
			isa = PBXFrameworksBuildPhase;
			buildActionMask = 2147483647;
			files = (
			);
			runOnlyForDeploymentPostprocessing = 0;
		};
		493E966322316D0D008A383C /* Frameworks */ = {
			isa = PBXFrameworksBuildPhase;
			buildActionMask = 2147483647;
			files = (
			);
			runOnlyForDeploymentPostprocessing = 0;
		};
/* End PBXFrameworksBuildPhase section */

/* Begin PBXGroup section */
		493E963E22316D0C008A383C = {
			isa = PBXGroup;
			children = (
				493E964922316D0C008A383C /* HelloApp */,
				493E965E22316D0D008A383C /* HelloAppTests */,
				493E966922316D0D008A383C /* HelloAppUITests */,
				493E964822316D0C008A383C /* Products */,
			);
			sourceTree = "<group>";
		};
		493E964822316D0C008A383C /* Products */ = {
			isa = PBXGroup;
			children = (
				493E964722316D0C008A383C /* HelloApp.app */,
				493E965B22316D0D008A383C /* HelloAppTests.xctest */,
				493E966622316D0D008A383C /* HelloAppUITests.xctest */,
			);
			name = Products;
			sourceTree = "<group>";
		};
		493E964922316D0C008A383C /* HelloApp */ = {
			isa = PBXGroup;
			children = (
				493E964A22316D0C008A383C /* AppDelegate.swift */,
				493E964C22316D0C008A383C /* ViewController.swift */,
				493E964E22316D0C008A383C /* Main.storyboard */,
				493E965122316D0D008A383C /* Assets.xcassets */,
				493E965322316D0D008A383C /* LaunchScreen.storyboard */,
				493E965622316D0D008A383C /* Info.plist */,
			);
			path = HelloApp;
			sourceTree = "<group>";
		};
		493E965E22316D0D008A383C /* HelloAppTests */ = {
			isa = PBXGroup;
			children = (
				493E965F22316D0D008A383C /* HelloAppTests.swift */,
				493E966122316D0D008A383C /* Info.plist */,
			);
			path = HelloAppTests;
			sourceTree = "<group>";
		};
		493E966922316D0D008A383C /* HelloAppUITests */ = {
			isa = PBXGroup;
			children = (
				493E966A22316D0D008A383C /* HelloAppUITests.swift */,
				493E966C22316D0D008A383C /* Info.plist */,
			);
			path = HelloAppUITests;
			sourceTree = "<group>";
		};
/* End PBXGroup section */

/* Begin PBXNativeTarget section */
		493E964622316D0C008A383C /* HelloApp */ = {
			isa = PBXNativeTarget;
			buildConfigurationList = 493E966F22316D0D008A383C /* Build configuration list for PBXNativeTarget "HelloApp" */;
			buildPhases = (
				493E964322316D0C008A383C /* Sources */,
				493E964422316D0C008A383C /* Frameworks */,
				493E964522316D0C008A383C /* Resources */,
			);
			buildRules = (
			);
			dependencies = (
			);
			name = HelloApp;
			productName = HelloApp;
			productReference = 493E964722316D0C008A383C /* HelloApp.app */;
			productType = "com.apple.product-type.application";
		};
		493E965A22316D0D008A383C /* HelloAppTests */ = {
			isa = PBXNativeTarget;
			buildConfigurationList = 493E967222316D0D008A383C /* Build configuration list for PBXNativeTarget "HelloAppTests" */;
			buildPhases = (
				493E965722316D0D008A383C /* Sources */,
				493E965822316D0D008A383C /* Frameworks */,
				493E965922316D0D008A383C /* Resources */,
			);
			buildRules = (
			);
			dependencies = (
				493E965D22316D0D008A383C /* PBXTargetDependency */,
			);
			name = HelloAppTests;
			productName = HelloAppTests;
			productReference = 493E965B22316D0D008A383C /* HelloAppTests.xctest */;
			productType = "com.apple.product-type.bundle.unit-test";
		};
		493E966522316D0D008A383C /* HelloAppUITests */ = {
			isa = PBXNativeTarget;
			buildConfigurationList = 493E967522316D0D008A383C /* Build configuration list for PBXNativeTarget "HelloAppUITests" */;
			buildPhases = (
				493E966222316D0D008A383C /* Sources */,
				493E966322316D0D008A383C /* Frameworks */,
				493E966422316D0D008A383C /* Resources */,
			);
			buildRules = (
			);
			dependencies = (
				493E966822316D0D008A383C /* PBXTargetDependency */,
			);
			name = HelloAppUITests;
			productName = HelloAppUITests;
			productReference = 493E966622316D0D008A383C /* HelloAppUITests.xctest */;
			productType = "com.apple.product-type.bundle.ui-testing";
		};
/* End PBXNativeTarget section */

/* Begin PBXProject section */
		493E963F22316D0C008A383C /* Project object */ = {
			isa = PBXProject;
			attributes = {
				LastSwiftUpdateCheck = 1010;
				LastUpgradeCheck = 1010;
				ORGANIZATIONNAME = "Student User";
				TargetAttributes = {
					493E964622316D0C008A383C = {
						CreatedOnToolsVersion = 10.1;
					};
					493E965A22316D0D008A383C = {
						CreatedOnToolsVersion = 10.1;
						TestTargetID = 493E964622316D0C008A383C;
					};
					493E966522316D0D008A383C = {
						CreatedOnToolsVersion = 10.1;
						TestTargetID = 493E964622316D0C008A383C;
					};
				};
			};
			buildConfigurationList = 493E964222316D0C008A383C /* Build configuration list for PBXProject "HelloApp" */;
			compatibilityVersion = "Xcode 9.3";
			developmentRegion = en;
			hasScannedForEncodings = 0;
			knownRegions = (
				en,
				Base,
			);
			mainGroup = 493E963E22316D0C008A383C;
			productRefGroup = 493E964822316D0C008A383C /* Products */;
			projectDirPath = "";
			projectRoot = "";
			targets = (
				493E964622316D0C008A383C /* HelloApp */,
				493E965A22316D0D008A383C /* HelloAppTests */,
				493E966522316D0D008A383C /* HelloAppUITests */,
			);
		};
/* End PBXProject section */

/* Begin PBXResourcesBuildPhase section */
		493E964522316D0C008A383C /* Resources */ = {
			isa = PBXResourcesBuildPhase;
			buildActionMask = 2147483647;
			files = (
				493E965522316D0D008A383C /* LaunchScreen.storyboard in Resources */,
				493E965222316D0D008A383C /* Assets.xcassets in Resources */,
				493E965022316D0C008A383C /* Main.storyboard in Resources */,
			);
			runOnlyForDeploymentPostprocessing = 0;
		};
		493E965922316D0D008A383C /* Resources */ = {
			isa = PBXResourcesBuildPhase;
			buildActionMask = 2147483647;
			files = (
			);
			runOnlyForDeploymentPostprocessing = 0;
		};
		493E966422316D0D008A383C /* Resources */ = {
			isa = PBXResourcesBuildPhase;
			buildActionMask = 2147483647;
			files = (
			);
			runOnlyForDeploymentPostprocessing = 0;
		};
/* End PBXResourcesBuildPhase section */

/* Begin PBXSourcesBuildPhase section */
		493E964322316D0C008A383C /* Sources */ = {
			isa = PBXSourcesBuildPhase;
			buildActionMask = 2147483647;
			files = (
				493E964D22316D0C008A383C /* ViewController.swift in Sources */,
				493E964B22316D0C008A383C /* AppDelegate.swift in Sources */,
			);
			runOnlyForDeploymentPostprocessing = 0;
		};
		493E965722316D0D008A383C /* Sources */ = {
			isa = PBXSourcesBuildPhase;
			buildActionMask = 2147483647;
			files = (
				493E966022316D0D008A383C /* HelloAppTests.swift in Sources */,
			);
			runOnlyForDeploymentPostprocessing = 0;
		};
		493E966222316D0D008A383C /* Sources */ = {
			isa = PBXSourcesBuildPhase;
			buildActionMask = 2147483647;
			files = (
				493E966B22316D0D008A383C /* HelloAppUITests.swift in Sources */,
			);
			runOnlyForDeploymentPostprocessing = 0;
		};
/* End PBXSourcesBuildPhase section */

/* Begin PBXTargetDependency section */
		493E965D22316D0D008A383C /* PBXTargetDependency */ = {
			isa = PBXTargetDependency;
			target = 493E964622316D0C008A383C /* HelloApp */;
			targetProxy = 493E965C22316D0D008A383C /* PBXContainerItemProxy */;
		};
		493E966822316D0D008A383C /* PBXTargetDependency */ = {
			isa = PBXTargetDependency;
			target = 493E964622316D0C008A383C /* HelloApp */;
			targetProxy = 493E966722316D0D008A383C /* PBXContainerItemProxy */;
		};
/* End PBXTargetDependency section */

/* Begin PBXVariantGroup section */
		493E964E22316D0C008A383C /* Main.storyboard */ = {
			isa = PBXVariantGroup;
			children = (
				493E964F22316D0C008A383C /* Base */,
			);
			name = Main.storyboard;
			sourceTree = "<group>";
		};
		493E965322316D0D008A383C /* LaunchScreen.storyboard */ = {
			isa = PBXVariantGroup;
			children = (
				493E965422316D0D008A383C /* Base */,
			);
			name = LaunchScreen.storyboard;
			sourceTree = "<group>";
		};
/* End PBXVariantGroup section */

/* Begin XCBuildConfiguration section */
		493E966D22316D0D008A383C /* Debug */ = {
			isa = XCBuildConfiguration;
			buildSettings = {
				ALWAYS_SEARCH_USER_PATHS = NO;
				CLANG_ANALYZER_NONNULL = YES;
				CLANG_ANALYZER_NUMBER_OBJECT_CONVERSION = YES_AGGRESSIVE;
				CLANG_CXX_LANGUAGE_STANDARD = "gnu++14";
				CLANG_CXX_LIBRARY = "libc++";
				CLANG_ENABLE_MODULES = YES;
				CLANG_ENABLE_OBJC_ARC = YES;
				CLANG_ENABLE_OBJC_WEAK = YES;
				CLANG_WARN_BLOCK_CAPTURE_AUTORELEASING = YES;
				CLANG_WARN_BOOL_CONVERSION = YES;
				CLANG_WARN_COMMA = YES;
				CLANG_WARN_CONSTANT_CONVERSION = YES;
				CLANG_WARN_DEPRECATED_OBJC_IMPLEMENTATIONS = YES;
				CLANG_WARN_DIRECT_OBJC_ISA_USAGE = YES_ERROR;
				CLANG_WARN_DOCUMENTATION_COMMENTS = YES;
				CLANG_WARN_EMPTY_BODY = YES;
				CLANG_WARN_ENUM_CONVERSION = YES;
				CLANG_WARN_INFINITE_RECURSION = YES;
				CLANG_WARN_INT_CONVERSION = YES;
				CLANG_WARN_NON_LITERAL_NULL_CONVERSION = YES;
				CLANG_WARN_OBJC_IMPLICIT_RETAIN_SELF = YES;
				CLANG_WARN_OBJC_LITERAL_CONVERSION = YES;
				CLANG_WARN_OBJC_ROOT_CLASS = YES_ERROR;
				CLANG_WARN_RANGE_LOOP_ANALYSIS = YES;
				CLANG_WARN_STRICT_PROTOTYPES = YES;
				CLANG_WARN_SUSPICIOUS_MOVE = YES;
				CLANG_WARN_UNGUARDED_AVAILABILITY = YES_AGGRESSIVE;
				CLANG_WARN_UNREACHABLE_CODE = YES;
				CLANG_WARN__DUPLICATE_METHOD_MATCH = YES;
				CODE_SIGN_IDENTITY = "iPhone Developer";
				COPY_PHASE_STRIP = NO;
				DEBUG_INFORMATION_FORMAT = dwarf;
				ENABLE_STRICT_OBJC_MSGSEND = YES;
				ENABLE_TESTABILITY = YES;
				GCC_C_LANGUAGE_STANDARD = gnu11;
				GCC_DYNAMIC_NO_PIC = NO;
				GCC_NO_COMMON_BLOCKS = YES;
				GCC_OPTIMIZATION_LEVEL = 0;
				GCC_PREPROCESSOR_DEFINITIONS = (
					"DEBUG=1",
					"$(inherited)",
				);
				GCC_WARN_64_TO_32_BIT_CONVERSION = YES;
				GCC_WARN_ABOUT_RETURN_TYPE = YES_ERROR;
				GCC_WARN_UNDECLARED_SELECTOR = YES;
				GCC_WARN_UNINITIALIZED_AUTOS = YES_AGGRESSIVE;
				GCC_WARN_UNUSED_FUNCTION = YES;
				GCC_WARN_UNUSED_VARIABLE = YES;
				IPHONEOS_DEPLOYMENT_TARGET = 12.1;
				MTL_ENABLE_DEBUG_INFO = INCLUDE_SOURCE;
				MTL_FAST_MATH = YES;
				ONLY_ACTIVE_ARCH = YES;
				SDKROOT = iphoneos;
				SWIFT_ACTIVE_COMPILATION_CONDITIONS = DEBUG;
				SWIFT_OPTIMIZATION_LEVEL = "-Onone";
			};
			name = Debug;
		};
		493E966E22316D0D008A383C /* Release */ = {
			isa = XCBuildConfiguration;
			buildSettings = {
				ALWAYS_SEARCH_USER_PATHS = NO;
				CLANG_ANALYZER_NONNULL = YES;
				CLANG_ANALYZER_NUMBER_OBJECT_CONVERSION = YES_AGGRESSIVE;
				CLANG_CXX_LANGUAGE_STANDARD = "gnu++14";
				CLANG_CXX_LIBRARY = "libc++";
				CLANG_ENABLE_MODULES = YES;
				CLANG_ENABLE_OBJC_ARC = YES;
				CLANG_ENABLE_OBJC_WEAK = YES;
				CLANG_WARN_BLOCK_CAPTURE_AUTORELEASING = YES;
				CLANG_WARN_BOOL_CONVERSION = YES;
				CLANG_WARN_COMMA = YES;
				CLANG_WARN_CONSTANT_CONVERSION = YES;
				CLANG_WARN_DEPRECATED_OBJC_IMPLEMENTATIONS = YES;
				CLANG_WARN_DIRECT_OBJC_ISA_USAGE = YES_ERROR;
				CLANG_WARN_DOCUMENTATION_COMMENTS = YES;
				CLANG_WARN_EMPTY_BODY = YES;
				CLANG_WARN_ENUM_CONVERSION = YES;
				CLANG_WARN_INFINITE_RECURSION = YES;
				CLANG_WARN_INT_CONVERSION = YES;
				CLANG_WARN_NON_LITERAL_NULL_CONVERSION = YES;
				CLANG_WARN_OBJC_IMPLICIT_RETAIN_SELF = YES;
				CLANG_WARN_OBJC_LITERAL_CONVERSION = YES;
				CLANG_WARN_OBJC_ROOT_CLASS = YES_ERROR;
				CLANG_WARN_RANGE_LOOP_ANALYSIS = YES;
				CLANG_WARN_STRICT_PROTOTYPES = YES;
				CLANG_WARN_SUSPICIOUS_MOVE = YES;
				CLANG_WARN_UNGUARDED_AVAILABILITY = YES_AGGRESSIVE;
				CLANG_WARN_UNREACHABLE_CODE = YES;
				CLANG_WARN__DUPLICATE_METHOD_MATCH = YES;
				CODE_SIGN_IDENTITY = "iPhone Developer";
				COPY_PHASE_STRIP = NO;
				DEBUG_INFORMATION_FORMAT = "dwarf-with-dsym";
				ENABLE_NS_ASSERTIONS = NO;
				ENABLE_STRICT_OBJC_MSGSEND = YES;
				GCC_C_LANGUAGE_STANDARD = gnu11;
				GCC_NO_COMMON_BLOCKS = YES;
				GCC_WARN_64_TO_32_BIT_CONVERSION = YES;
				GCC_WARN_ABOUT_RETURN_TYPE = YES_ERROR;
				GCC_WARN_UNDECLARED_SELECTOR = YES;
				GCC_WARN_UNINITIALIZED_AUTOS = YES_AGGRESSIVE;
				GCC_WARN_UNUSED_FUNCTION = YES;
				GCC_WARN_UNUSED_VARIABLE = YES;
				IPHONEOS_DEPLOYMENT_TARGET = 12.1;
				MTL_ENABLE_DEBUG_INFO = NO;
				MTL_FAST_MATH = YES;
				SDKROOT = iphoneos;
				SWIFT_COMPILATION_MODE = wholemodule;
				SWIFT_OPTIMIZATION_LEVEL = "-O";
				VALIDATE_PRODUCT = YES;
			};
			name = Release;
		};
		493E967022316D0D008A383C /* Debug */ = {
			isa = XCBuildConfiguration;
			buildSettings = {
				ASSETCATALOG_COMPILER_APPICON_NAME = AppIcon;
				CODE_SIGN_STYLE = Automatic;
				INFOPLIST_FILE = HelloApp/Info.plist;
				LD_RUNPATH_SEARCH_PATHS = (
					"$(inherited)",
					"@executable_path/Frameworks",
				);
				PRODUCT_BUNDLE_IDENTIFIER = Tyler.HelloApp;
				PRODUCT_NAME = "$(TARGET_NAME)";
				SWIFT_VERSION = 4.2;
				TARGETED_DEVICE_FAMILY = "1,2";
			};
			name = Debug;
		};
		493E967122316D0D008A383C /* Release */ = {
			isa = XCBuildConfiguration;
			buildSettings = {
				ASSETCATALOG_COMPILER_APPICON_NAME = AppIcon;
				CODE_SIGN_STYLE = Automatic;
				INFOPLIST_FILE = HelloApp/Info.plist;
				LD_RUNPATH_SEARCH_PATHS = (
					"$(inherited)",
					"@executable_path/Frameworks",
				);
				PRODUCT_BUNDLE_IDENTIFIER = Tyler.HelloApp;
				PRODUCT_NAME = "$(TARGET_NAME)";
				SWIFT_VERSION = 4.2;
				TARGETED_DEVICE_FAMILY = "1,2";
			};
			name = Release;
		};
		493E967322316D0D008A383C /* Debug */ = {
			isa = XCBuildConfiguration;
			buildSettings = {
				ALWAYS_EMBED_SWIFT_STANDARD_LIBRARIES = YES;
				BUNDLE_LOADER = "$(TEST_HOST)";
				CODE_SIGN_STYLE = Automatic;
				INFOPLIST_FILE = HelloAppTests/Info.plist;
				LD_RUNPATH_SEARCH_PATHS = (
					"$(inherited)",
					"@executable_path/Frameworks",
					"@loader_path/Frameworks",
				);
				PRODUCT_BUNDLE_IDENTIFIER = Tyler.HelloAppTests;
				PRODUCT_NAME = "$(TARGET_NAME)";
				SWIFT_VERSION = 4.2;
				TARGETED_DEVICE_FAMILY = "1,2";
				TEST_HOST = "$(BUILT_PRODUCTS_DIR)/HelloApp.app/HelloApp";
			};
			name = Debug;
		};
		493E967422316D0D008A383C /* Release */ = {
			isa = XCBuildConfiguration;
			buildSettings = {
				ALWAYS_EMBED_SWIFT_STANDARD_LIBRARIES = YES;
				BUNDLE_LOADER = "$(TEST_HOST)";
				CODE_SIGN_STYLE = Automatic;
				INFOPLIST_FILE = HelloAppTests/Info.plist;
				LD_RUNPATH_SEARCH_PATHS = (
					"$(inherited)",
					"@executable_path/Frameworks",
					"@loader_path/Frameworks",
				);
				PRODUCT_BUNDLE_IDENTIFIER = Tyler.HelloAppTests;
				PRODUCT_NAME = "$(TARGET_NAME)";
				SWIFT_VERSION = 4.2;
				TARGETED_DEVICE_FAMILY = "1,2";
				TEST_HOST = "$(BUILT_PRODUCTS_DIR)/HelloApp.app/HelloApp";
			};
			name = Release;
		};
		493E967622316D0D008A383C /* Debug */ = {
			isa = XCBuildConfiguration;
			buildSettings = {
				ALWAYS_EMBED_SWIFT_STANDARD_LIBRARIES = YES;
				CODE_SIGN_STYLE = Automatic;
				INFOPLIST_FILE = HelloAppUITests/Info.plist;
				LD_RUNPATH_SEARCH_PATHS = (
					"$(inherited)",
					"@executable_path/Frameworks",
					"@loader_path/Frameworks",
				);
				PRODUCT_BUNDLE_IDENTIFIER = Tyler.HelloAppUITests;
				PRODUCT_NAME = "$(TARGET_NAME)";
				SWIFT_VERSION = 4.2;
				TARGETED_DEVICE_FAMILY = "1,2";
				TEST_TARGET_NAME = HelloApp;
			};
			name = Debug;
		};
		493E967722316D0D008A383C /* Release */ = {
			isa = XCBuildConfiguration;
			buildSettings = {
				ALWAYS_EMBED_SWIFT_STANDARD_LIBRARIES = YES;
				CODE_SIGN_STYLE = Automatic;
				INFOPLIST_FILE = HelloAppUITests/Info.plist;
				LD_RUNPATH_SEARCH_PATHS = (
					"$(inherited)",
					"@executable_path/Frameworks",
					"@loader_path/Frameworks",
				);
				PRODUCT_BUNDLE_IDENTIFIER = Tyler.HelloAppUITests;
				PRODUCT_NAME = "$(TARGET_NAME)";
				SWIFT_VERSION = 4.2;
				TARGETED_DEVICE_FAMILY = "1,2";
				TEST_TARGET_NAME = HelloApp;
			};
			name = Release;
		};
/* End XCBuildConfiguration section */

/* Begin XCConfigurationList section */
		493E964222316D0C008A383C /* Build configuration list for PBXProject "HelloApp" */ = {
			isa = XCConfigurationList;
			buildConfigurations = (
				493E966D22316D0D008A383C /* Debug */,
				493E966E22316D0D008A383C /* Release */,
			);
			defaultConfigurationIsVisible = 0;
			defaultConfigurationName = Release;
		};
		493E966F22316D0D008A383C /* Build configuration list for PBXNativeTarget "HelloApp" */ = {
			isa = XCConfigurationList;
			buildConfigurations = (
				493E967022316D0D008A383C /* Debug */,
				493E967122316D0D008A383C /* Release */,
			);
			defaultConfigurationIsVisible = 0;
			defaultConfigurationName = Release;
		};
		493E967222316D0D008A383C /* Build configuration list for PBXNativeTarget "HelloAppTests" */ = {
			isa = XCConfigurationList;
			buildConfigurations = (
				493E967322316D0D008A383C /* Debug */,
				493E967422316D0D008A383C /* Release */,
			);
			defaultConfigurationIsVisible = 0;
			defaultConfigurationName = Release;
		};
		493E967522316D0D008A383C /* Build configuration list for PBXNativeTarget "HelloAppUITests" */ = {
			isa = XCConfigurationList;
			buildConfigurations = (
				493E967622316D0D008A383C /* Debug */,
				493E967722316D0D008A383C /* Release */,
			);
			defaultConfigurationIsVisible = 0;
			defaultConfigurationName = Release;
		};
/* End XCConfigurationList section */
	};
	rootObject = 493E963F22316D0C008A383C /* Project object */;
}
